
Microsoft Visual Studio Solution File, Format Version 12.00
# Visual Studio Version 16
VisualStudioVersion = 16.0.31515.178
MinimumVisualStudioVersion = 10.0.40219.1
Project("{9A19103F-16F7-4668-BE54-9A1E7A4F7556}") = "ShopListWebApp", "ShopListWebApp.csproj", "{6C864B1A-D85C-4952-BF31-AEA76DD24FF3}"
EndProject
Project("{E53339B2-1760-4266-BCC7-CA923CBCF16C}") = "docker-compose", "docker-compose.dcproj", "{BB223A62-BDBD-4C65-9AC6-893B947D5FEA}"
EndProject
Global
	GlobalSection(SolutionConfigurationPlatforms) = preSolution
		Debug|Any CPU = Debug|Any CPU
		Release|Any CPU = Release|Any CPU
	EndGlobalSection
	GlobalSection(ProjectConfigurationPlatforms) = postSolution
		{6C864B1A-D85C-4952-BF31-AEA76DD24FF3}.Debug|Any CPU.ActiveCfg = Debug|Any CPU
		{6C864B1A-D85C-4952-BF31-AEA76DD24FF3}.Debug|Any CPU.Build.0 = Debug|Any CPU
		{6C864B1A-D85C-4952-BF31-AEA76DD24FF3}.Release|Any CPU.ActiveCfg = Release|Any CPU
		{6C864B1A-D85C-4952-BF31-AEA76DD24FF3}.Release|Any CPU.Build.0 = Release|Any CPU
		{BB223A62-BDBD-4C65-9AC6-893B947D5FEA}.Debug|Any CPU.ActiveCfg = Debug|Any CPU
		{BB223A62-BDBD-4C65-9AC6-893B947D5FEA}.Debug|Any CPU.Build.0 = Debug|Any CPU
		{BB223A62-BDBD-4C65-9AC6-893B947D5FEA}.Release|Any CPU.ActiveCfg = Release|Any CPU
		{BB223A62-BDBD-4C65-9AC6-893B947D5FEA}.Release|Any CPU.Build.0 = Release|Any CPU
	EndGlobalSection
	GlobalSection(SolutionProperties) = preSolution
		HideSolutionNode = FALSE
	EndGlobalSection
	GlobalSection(ExtensibilityGlobals) = postSolution
		SolutionGuid = {332BA1ED-85BF-4EDF-955A-EFE377087786}
	EndGlobalSection
EndGlobal
